
Microsoft Visual Studio Solution File, Format Version 12.00
# Visual Studio 2013
VisualStudioVersion = 12.0.31101.0
MinimumVisualStudioVersion = 10.0.40219.1
Project("{8BC9CEB8-8B4A-11D0-8D11-00A0C91BC942}") = "065 Convergents of e", "065 Convergents of e\065 Convergents of e.vcxproj", "{CC47A9FC-DE0B-42E2-8E99-FAAD2495ABF9}"
EndProject
Global
	GlobalSection(SolutionConfigurationPlatforms) = preSolution
		Debug|Win32 = Debug|Win32
		Release|Win32 = Release|Win32
	EndGlobalSection
	GlobalSection(ProjectConfigurationPlatforms) = postSolution
		{CC47A9FC-DE0B-42E2-8E99-FAAD2495ABF9}.Debug|Win32.ActiveCfg = Debug|Win32
		{CC47A9FC-DE0B-42E2-8E99-FAAD2495ABF9}.Debug|Win32.Build.0 = Debug|Win32
		{CC47A9FC-DE0B-42E2-8E99-FAAD2495ABF9}.Release|Win32.ActiveCfg = Release|Win32
		{CC47A9FC-DE0B-42E2-8E99-FAAD2495ABF9}.Release|Win32.Build.0 = Release|Win32
	EndGlobalSection
	GlobalSection(SolutionProperties) = preSolution
		HideSolutionNode = FALSE
	EndGlobalSection
EndGlobal
