
Microsoft Visual Studio Solution File, Format Version 12.00
# Visual Studio 2013
VisualStudioVersion = 12.0.31101.0
MinimumVisualStudioVersion = 10.0.40219.1
Project("{8BC9CEB8-8B4A-11D0-8D11-00A0C91BC942}") = "081 Path sum two ways", "081 Path sum two ways\081 Path sum two ways.vcxproj", "{8A438FEB-1073-4EEE-9D3C-8B5EDA3D2C2F}"
EndProject
Global
	GlobalSection(SolutionConfigurationPlatforms) = preSolution
		Debug|Win32 = Debug|Win32
		Release|Win32 = Release|Win32
	EndGlobalSection
	GlobalSection(ProjectConfigurationPlatforms) = postSolution
		{8A438FEB-1073-4EEE-9D3C-8B5EDA3D2C2F}.Debug|Win32.ActiveCfg = Debug|Win32
		{8A438FEB-1073-4EEE-9D3C-8B5EDA3D2C2F}.Debug|Win32.Build.0 = Debug|Win32
		{8A438FEB-1073-4EEE-9D3C-8B5EDA3D2C2F}.Release|Win32.ActiveCfg = Release|Win32
		{8A438FEB-1073-4EEE-9D3C-8B5EDA3D2C2F}.Release|Win32.Build.0 = Release|Win32
	EndGlobalSection
	GlobalSection(SolutionProperties) = preSolution
		HideSolutionNode = FALSE
	EndGlobalSection
EndGlobal
